
Microsoft Visual Studio Solution File, Format Version 12.00
# Visual Studio 15
VisualStudioVersion = 15.0.27130.2010
MinimumVisualStudioVersion = 10.0.40219.1
Project("{8BC9CEB8-8B4A-11D0-8D11-00A0C91BC942}") = "EveryThingAlpha", "EveryThingAlpha\EveryThingAlpha.vcxproj", "{334760E5-BA73-4DA5-9FC6-43C71FC10A09}"
EndProject
Project("{8BC9CEB8-8B4A-11D0-8D11-00A0C91BC942}") = "ForceAlphaX", "ForceAlphaX\ForceAlphaX.vcxproj", "{D474C715-F067-4CC3-BE8C-ABEAA5D28644}"
EndProject
Global
	GlobalSection(SolutionConfigurationPlatforms) = preSolution
		Debug|x64 = Debug|x64
		Debug|x86 = Debug|x86
		Release|x64 = Release|x64
		Release|x86 = Release|x86
	EndGlobalSection
	GlobalSection(ProjectConfigurationPlatforms) = postSolution
		{334760E5-BA73-4DA5-9FC6-43C71FC10A09}.Debug|x64.ActiveCfg = Debug|x64
		{334760E5-BA73-4DA5-9FC6-43C71FC10A09}.Debug|x64.Build.0 = Debug|x64
		{334760E5-BA73-4DA5-9FC6-43C71FC10A09}.Debug|x86.ActiveCfg = Debug|Win32
		{334760E5-BA73-4DA5-9FC6-43C71FC10A09}.Debug|x86.Build.0 = Debug|Win32
		{334760E5-BA73-4DA5-9FC6-43C71FC10A09}.Release|x64.ActiveCfg = Release|x64
		{334760E5-BA73-4DA5-9FC6-43C71FC10A09}.Release|x64.Build.0 = Release|x64
		{334760E5-BA73-4DA5-9FC6-43C71FC10A09}.Release|x86.ActiveCfg = Release|Win32
		{334760E5-BA73-4DA5-9FC6-43C71FC10A09}.Release|x86.Build.0 = Release|Win32
		{D474C715-F067-4CC3-BE8C-ABEAA5D28644}.Debug|x64.ActiveCfg = Debug|x64
		{D474C715-F067-4CC3-BE8C-ABEAA5D28644}.Debug|x64.Build.0 = Debug|x64
		{D474C715-F067-4CC3-BE8C-ABEAA5D28644}.Debug|x86.ActiveCfg = Debug|Win32
		{D474C715-F067-4CC3-BE8C-ABEAA5D28644}.Debug|x86.Build.0 = Debug|Win32
		{D474C715-F067-4CC3-BE8C-ABEAA5D28644}.Release|x64.ActiveCfg = Release|x64
		{D474C715-F067-4CC3-BE8C-ABEAA5D28644}.Release|x64.Build.0 = Release|x64
		{D474C715-F067-4CC3-BE8C-ABEAA5D28644}.Release|x86.ActiveCfg = Release|Win32
		{D474C715-F067-4CC3-BE8C-ABEAA5D28644}.Release|x86.Build.0 = Release|Win32
	EndGlobalSection
	GlobalSection(SolutionProperties) = preSolution
		HideSolutionNode = FALSE
	EndGlobalSection
	GlobalSection(ExtensibilityGlobals) = postSolution
		SolutionGuid = {780E6DBE-D99F-4393-AD6E-3615A947B107}
	EndGlobalSection
EndGlobal
